// !$*UTF8*$!
{
	archiveVersion = 1;
	classes = {
	};
	objectVersion = 56;
	objects = {

/* Begin PBXBuildFile section */
		758EA9BA2BE9DAE800105899 /* NoteDataSource.swift in Sources */ = {isa = PBXBuildFile; fileRef = 758EA9B92BE9DAE800105899 /* NoteDataSource.swift */; };
		758EA9BD2BE9E36600105899 /* NoteIcon.swift in Sources */ = {isa = PBXBuildFile; fileRef = 758EA9BC2BE9E36600105899 /* NoteIcon.swift */; };
		758EA9BF2BE9E80800105899 /* NoteCell.swift in Sources */ = {isa = PBXBuildFile; fileRef = 758EA9BE2BE9E80800105899 /* NoteCell.swift */; };
		758EA9C12BE9E9E000105899 /* Note.swift in Sources */ = {isa = PBXBuildFile; fileRef = 758EA9C02BE9E9E000105899 /* Note.swift */; };
		758EA9C32BE9EDF700105899 /* NoteTableViewDelegate.swift in Sources */ = {isa = PBXBuildFile; fileRef = 758EA9C22BE9EDF700105899 /* NoteTableViewDelegate.swift */; };
		75FBD4392BE924180039112C /* AppDelegate.swift in Sources */ = {isa = PBXBuildFile; fileRef = 75FBD4382BE924180039112C /* AppDelegate.swift */; };
		75FBD43B2BE924180039112C /* SceneDelegate.swift in Sources */ = {isa = PBXBuildFile; fileRef = 75FBD43A2BE924180039112C /* SceneDelegate.swift */; };
		75FBD43D2BE924180039112C /* ViewController.swift in Sources */ = {isa = PBXBuildFile; fileRef = 75FBD43C2BE924180039112C /* ViewController.swift */; };
		75FBD4402BE924180039112C /* Main.storyboard in Resources */ = {isa = PBXBuildFile; fileRef = 75FBD43E2BE924180039112C /* Main.storyboard */; };
		75FBD4422BE9241A0039112C /* Assets.xcassets in Resources */ = {isa = PBXBuildFile; fileRef = 75FBD4412BE9241A0039112C /* Assets.xcassets */; };
		75FBD4452BE9241A0039112C /* LaunchScreen.storyboard in Resources */ = {isa = PBXBuildFile; fileRef = 75FBD4432BE9241A0039112C /* LaunchScreen.storyboard */; };
		75FBD44E2BE924670039112C /* AudioRecorderDelegate.swift in Sources */ = {isa = PBXBuildFile; fileRef = 75FBD44D2BE924670039112C /* AudioRecorderDelegate.swift */; };
		75FBD4502BE924EB0039112C /* AudioManager.swift in Sources */ = {isa = PBXBuildFile; fileRef = 75FBD44F2BE924EB0039112C /* AudioManager.swift */; };
		75FBD4522BE9265D0039112C /* AnalysisDelegate.swift in Sources */ = {isa = PBXBuildFile; fileRef = 75FBD4512BE9265D0039112C /* AnalysisDelegate.swift */; };
/* End PBXBuildFile section */

/* Begin PBXFileReference section */
		758EA9B92BE9DAE800105899 /* NoteDataSource.swift */ = {isa = PBXFileReference; lastKnownFileType = sourcecode.swift; path = NoteDataSource.swift; sourceTree = "<group>"; };
		758EA9BC2BE9E36600105899 /* NoteIcon.swift */ = {isa = PBXFileReference; lastKnownFileType = sourcecode.swift; path = NoteIcon.swift; sourceTree = "<group>"; };
		758EA9BE2BE9E80800105899 /* NoteCell.swift */ = {isa = PBXFileReference; lastKnownFileType = sourcecode.swift; path = NoteCell.swift; sourceTree = "<group>"; };
		758EA9C02BE9E9E000105899 /* Note.swift */ = {isa = PBXFileReference; lastKnownFileType = sourcecode.swift; path = Note.swift; sourceTree = "<group>"; };
		758EA9C22BE9EDF700105899 /* NoteTableViewDelegate.swift */ = {isa = PBXFileReference; lastKnownFileType = sourcecode.swift; path = NoteTableViewDelegate.swift; sourceTree = "<group>"; };
		75FBD4352BE924180039112C /* MainFrequency.app */ = {isa = PBXFileReference; explicitFileType = wrapper.application; includeInIndex = 0; path = MainFrequency.app; sourceTree = BUILT_PRODUCTS_DIR; };
		75FBD4382BE924180039112C /* AppDelegate.swift */ = {isa = PBXFileReference; lastKnownFileType = sourcecode.swift; path = AppDelegate.swift; sourceTree = "<group>"; };
		75FBD43A2BE924180039112C /* SceneDelegate.swift */ = {isa = PBXFileReference; lastKnownFileType = sourcecode.swift; path = SceneDelegate.swift; sourceTree = "<group>"; };
		75FBD43C2BE924180039112C /* ViewController.swift */ = {isa = PBXFileReference; lastKnownFileType = sourcecode.swift; path = ViewController.swift; sourceTree = "<group>"; };
		75FBD43F2BE924180039112C /* Base */ = {isa = PBXFileReference; lastKnownFileType = file.storyboard; name = Base; path = Base.lproj/Main.storyboard; sourceTree = "<group>"; };
		75FBD4412BE9241A0039112C /* Assets.xcassets */ = {isa = PBXFileReference; lastKnownFileType = folder.assetcatalog; path = Assets.xcassets; sourceTree = "<group>"; };
		75FBD4442BE9241A0039112C /* Base */ = {isa = PBXFileReference; lastKnownFileType = file.storyboard; name = Base; path = Base.lproj/LaunchScreen.storyboard; sourceTree = "<group>"; };
		75FBD4462BE9241A0039112C /* Info.plist */ = {isa = PBXFileReference; lastKnownFileType = text.plist.xml; path = Info.plist; sourceTree = "<group>"; };
		75FBD44D2BE924670039112C /* AudioRecorderDelegate.swift */ = {isa = PBXFileReference; lastKnownFileType = sourcecode.swift; path = AudioRecorderDelegate.swift; sourceTree = "<group>"; };
		75FBD44F2BE924EB0039112C /* AudioManager.swift */ = {isa = PBXFileReference; lastKnownFileType = sourcecode.swift; path = AudioManager.swift; sourceTree = "<group>"; };
		75FBD4512BE9265D0039112C /* AnalysisDelegate.swift */ = {isa = PBXFileReference; lastKnownFileType = sourcecode.swift; path = AnalysisDelegate.swift; sourceTree = "<group>"; };
/* End PBXFileReference section */

/* Begin PBXFrameworksBuildPhase section */
		75FBD4322BE924180039112C /* Frameworks */ = {
			isa = PBXFrameworksBuildPhase;
			buildActionMask = 2147483647;
			files = (
			);
			runOnlyForDeploymentPostprocessing = 0;
		};
/* End PBXFrameworksBuildPhase section */

/* Begin PBXGroup section */
		758EA9B82BE9DAD300105899 /* Table */ = {
			isa = PBXGroup;
			children = (
				758EA9B92BE9DAE800105899 /* NoteDataSource.swift */,
				758EA9BE2BE9E80800105899 /* NoteCell.swift */,
				758EA9C22BE9EDF700105899 /* NoteTableViewDelegate.swift */,
			);
			path = Table;
			sourceTree = "<group>";
		};
		758EA9BB2BE9E34700105899 /* Entities */ = {
			isa = PBXGroup;
			children = (
				758EA9BC2BE9E36600105899 /* NoteIcon.swift */,
				758EA9C02BE9E9E000105899 /* Note.swift */,
			);
			path = Entities;
			sourceTree = "<group>";
		};
		75FBD42C2BE924180039112C = {
			isa = PBXGroup;
			children = (
				75FBD4372BE924180039112C /* MainFrequency */,
				75FBD4362BE924180039112C /* Products */,
			);
			sourceTree = "<group>";
		};
		75FBD4362BE924180039112C /* Products */ = {
			isa = PBXGroup;
			children = (
				75FBD4352BE924180039112C /* MainFrequency.app */,
			);
			name = Products;
			sourceTree = "<group>";
		};
		75FBD4372BE924180039112C /* MainFrequency */ = {
			isa = PBXGroup;
			children = (
				758EA9BB2BE9E34700105899 /* Entities */,
				758EA9B82BE9DAD300105899 /* Table */,
				75FBD44C2BE924330039112C /* AudioRecorder */,
				75FBD4382BE924180039112C /* AppDelegate.swift */,
				75FBD43A2BE924180039112C /* SceneDelegate.swift */,
				75FBD43C2BE924180039112C /* ViewController.swift */,
				75FBD43E2BE924180039112C /* Main.storyboard */,
				75FBD4412BE9241A0039112C /* Assets.xcassets */,
				75FBD4432BE9241A0039112C /* LaunchScreen.storyboard */,
				75FBD4462BE9241A0039112C /* Info.plist */,
			);
			path = MainFrequency;
			sourceTree = "<group>";
		};
		75FBD44C2BE924330039112C /* AudioRecorder */ = {
			isa = PBXGroup;
			children = (
				75FBD44D2BE924670039112C /* AudioRecorderDelegate.swift */,
				75FBD44F2BE924EB0039112C /* AudioManager.swift */,
				75FBD4512BE9265D0039112C /* AnalysisDelegate.swift */,
			);
			path = AudioRecorder;
			sourceTree = "<group>";
		};
/* End PBXGroup section */

/* Begin PBXNativeTarget section */
		75FBD4342BE924180039112C /* MainFrequency */ = {
			isa = PBXNativeTarget;
			buildConfigurationList = 75FBD4492BE9241A0039112C /* Build configuration list for PBXNativeTarget "MainFrequency" */;
			buildPhases = (
				75FBD4312BE924180039112C /* Sources */,
				75FBD4322BE924180039112C /* Frameworks */,
				75FBD4332BE924180039112C /* Resources */,
			);
			buildRules = (
			);
			dependencies = (
			);
			name = MainFrequency;
			productName = "UIKit MainFrequency";
			productReference = 75FBD4352BE924180039112C /* MainFrequency.app */;
			productType = "com.apple.product-type.application";
		};
/* End PBXNativeTarget section */

/* Begin PBXProject section */
		75FBD42D2BE924180039112C /* Project object */ = {
			isa = PBXProject;
			attributes = {
				BuildIndependentTargetsInParallel = 1;
				LastSwiftUpdateCheck = 1500;
				LastUpgradeCheck = 1500;
				TargetAttributes = {
					75FBD4342BE924180039112C = {
						CreatedOnToolsVersion = 15.0;
					};
				};
			};
			buildConfigurationList = 75FBD4302BE924180039112C /* Build configuration list for PBXProject "MainFrequency" */;
			compatibilityVersion = "Xcode 14.0";
			developmentRegion = en;
			hasScannedForEncodings = 0;
			knownRegions = (
				en,
				Base,
			);
			mainGroup = 75FBD42C2BE924180039112C;
			productRefGroup = 75FBD4362BE924180039112C /* Products */;
			projectDirPath = "";
			projectRoot = "";
			targets = (
				75FBD4342BE924180039112C /* MainFrequency */,
			);
		};
/* End PBXProject section */

/* Begin PBXResourcesBuildPhase section */
		75FBD4332BE924180039112C /* Resources */ = {
			isa = PBXResourcesBuildPhase;
			buildActionMask = 2147483647;
			files = (
				75FBD4452BE9241A0039112C /* LaunchScreen.storyboard in Resources */,
				75FBD4422BE9241A0039112C /* Assets.xcassets in Resources */,
				75FBD4402BE924180039112C /* Main.storyboard in Resources */,
			);
			runOnlyForDeploymentPostprocessing = 0;
		};
/* End PBXResourcesBuildPhase section */

/* Begin PBXSourcesBuildPhase section */
		75FBD4312BE924180039112C /* Sources */ = {
			isa = PBXSourcesBuildPhase;
			buildActionMask = 2147483647;
			files = (
				75FBD4522BE9265D0039112C /* AnalysisDelegate.swift in Sources */,
				75FBD43D2BE924180039112C /* ViewController.swift in Sources */,
				75FBD44E2BE924670039112C /* AudioRecorderDelegate.swift in Sources */,
				758EA9BD2BE9E36600105899 /* NoteIcon.swift in Sources */,
				75FBD4392BE924180039112C /* AppDelegate.swift in Sources */,
				758EA9C12BE9E9E000105899 /* Note.swift in Sources */,
				758EA9BA2BE9DAE800105899 /* NoteDataSource.swift in Sources */,
				758EA9BF2BE9E80800105899 /* NoteCell.swift in Sources */,
				758EA9C32BE9EDF700105899 /* NoteTableViewDelegate.swift in Sources */,
				75FBD4502BE924EB0039112C /* AudioManager.swift in Sources */,
				75FBD43B2BE924180039112C /* SceneDelegate.swift in Sources */,
			);
			runOnlyForDeploymentPostprocessing = 0;
		};
/* End PBXSourcesBuildPhase section */

/* Begin PBXVariantGroup section */
		75FBD43E2BE924180039112C /* Main.storyboard */ = {
			isa = PBXVariantGroup;
			children = (
				75FBD43F2BE924180039112C /* Base */,
			);
			name = Main.storyboard;
			sourceTree = "<group>";
		};
		75FBD4432BE9241A0039112C /* LaunchScreen.storyboard */ = {
			isa = PBXVariantGroup;
			children = (
				75FBD4442BE9241A0039112C /* Base */,
			);
			name = LaunchScreen.storyboard;
			sourceTree = "<group>";
		};
/* End PBXVariantGroup section */

/* Begin XCBuildConfiguration section */
		75FBD4472BE9241A0039112C /* Debug */ = {
			isa = XCBuildConfiguration;
			buildSettings = {
				ALWAYS_SEARCH_USER_PATHS = NO;
				ASSETCATALOG_COMPILER_GENERATE_SWIFT_ASSET_SYMBOL_EXTENSIONS = YES;
				CLANG_ANALYZER_NONNULL = YES;
				CLANG_ANALYZER_NUMBER_OBJECT_CONVERSION = YES_AGGRESSIVE;
				CLANG_CXX_LANGUAGE_STANDARD = "gnu++20";
				CLANG_ENABLE_MODULES = YES;
				CLANG_ENABLE_OBJC_ARC = YES;
				CLANG_ENABLE_OBJC_WEAK = YES;
				CLANG_WARN_BLOCK_CAPTURE_AUTORELEASING = YES;
				CLANG_WARN_BOOL_CONVERSION = YES;
				CLANG_WARN_COMMA = YES;
				CLANG_WARN_CONSTANT_CONVERSION = YES;
				CLANG_WARN_DEPRECATED_OBJC_IMPLEMENTATIONS = YES;
				CLANG_WARN_DIRECT_OBJC_ISA_USAGE = YES_ERROR;
				CLANG_WARN_DOCUMENTATION_COMMENTS = YES;
				CLANG_WARN_EMPTY_BODY = YES;
				CLANG_WARN_ENUM_CONVERSION = YES;
				CLANG_WARN_INFINITE_RECURSION = YES;
				CLANG_WARN_INT_CONVERSION = YES;
				CLANG_WARN_NON_LITERAL_NULL_CONVERSION = YES;
				CLANG_WARN_OBJC_IMPLICIT_RETAIN_SELF = YES;
				CLANG_WARN_OBJC_LITERAL_CONVERSION = YES;
				CLANG_WARN_OBJC_ROOT_CLASS = YES_ERROR;
				CLANG_WARN_QUOTED_INCLUDE_IN_FRAMEWORK_HEADER = YES;
				CLANG_WARN_RANGE_LOOP_ANALYSIS = YES;
				CLANG_WARN_STRICT_PROTOTYPES = YES;
				CLANG_WARN_SUSPICIOUS_MOVE = YES;
				CLANG_WARN_UNGUARDED_AVAILABILITY = YES_AGGRESSIVE;
				CLANG_WARN_UNREACHABLE_CODE = YES;
				CLANG_WARN__DUPLICATE_METHOD_MATCH = YES;
				COPY_PHASE_STRIP = NO;
				DEBUG_INFORMATION_FORMAT = dwarf;
				ENABLE_STRICT_OBJC_MSGSEND = YES;
				ENABLE_TESTABILITY = YES;
				ENABLE_USER_SCRIPT_SANDBOXING = YES;
				GCC_C_LANGUAGE_STANDARD = gnu17;
				GCC_DYNAMIC_NO_PIC = NO;
				GCC_NO_COMMON_BLOCKS = YES;
				GCC_OPTIMIZATION_LEVEL = 0;
				GCC_PREPROCESSOR_DEFINITIONS = (
					"DEBUG=1",
					"$(inherited)",
				);
				GCC_WARN_64_TO_32_BIT_CONVERSION = YES;
				GCC_WARN_ABOUT_RETURN_TYPE = YES_ERROR;
				GCC_WARN_UNDECLARED_SELECTOR = YES;
				GCC_WARN_UNINITIALIZED_AUTOS = YES_AGGRESSIVE;
				GCC_WARN_UNUSED_FUNCTION = YES;
				GCC_WARN_UNUSED_VARIABLE = YES;
				IPHONEOS_DEPLOYMENT_TARGET = 17.0;
				LOCALIZATION_PREFERS_STRING_CATALOGS = YES;
				MTL_ENABLE_DEBUG_INFO = INCLUDE_SOURCE;
				MTL_FAST_MATH = YES;
				ONLY_ACTIVE_ARCH = YES;
				SDKROOT = iphoneos;
				SWIFT_ACTIVE_COMPILATION_CONDITIONS = "DEBUG $(inherited)";
				SWIFT_OPTIMIZATION_LEVEL = "-Onone";
			};
			name = Debug;
		};
		75FBD4482BE9241A0039112C /* Release */ = {
			isa = XCBuildConfiguration;
			buildSettings = {
				ALWAYS_SEARCH_USER_PATHS = NO;
				ASSETCATALOG_COMPILER_GENERATE_SWIFT_ASSET_SYMBOL_EXTENSIONS = YES;
				CLANG_ANALYZER_NONNULL = YES;
				CLANG_ANALYZER_NUMBER_OBJECT_CONVERSION = YES_AGGRESSIVE;
				CLANG_CXX_LANGUAGE_STANDARD = "gnu++20";
				CLANG_ENABLE_MODULES = YES;
				CLANG_ENABLE_OBJC_ARC = YES;
				CLANG_ENABLE_OBJC_WEAK = YES;
				CLANG_WARN_BLOCK_CAPTURE_AUTORELEASING = YES;
				CLANG_WARN_BOOL_CONVERSION = YES;
				CLANG_WARN_COMMA = YES;
				CLANG_WARN_CONSTANT_CONVERSION = YES;
				CLANG_WARN_DEPRECATED_OBJC_IMPLEMENTATIONS = YES;
				CLANG_WARN_DIRECT_OBJC_ISA_USAGE = YES_ERROR;
				CLANG_WARN_DOCUMENTATION_COMMENTS = YES;
				CLANG_WARN_EMPTY_BODY = YES;
				CLANG_WARN_ENUM_CONVERSION = YES;
				CLANG_WARN_INFINITE_RECURSION = YES;
				CLANG_WARN_INT_CONVERSION = YES;
				CLANG_WARN_NON_LITERAL_NULL_CONVERSION = YES;
				CLANG_WARN_OBJC_IMPLICIT_RETAIN_SELF = YES;
				CLANG_WARN_OBJC_LITERAL_CONVERSION = YES;
				CLANG_WARN_OBJC_ROOT_CLASS = YES_ERROR;
				CLANG_WARN_QUOTED_INCLUDE_IN_FRAMEWORK_HEADER = YES;
				CLANG_WARN_RANGE_LOOP_ANALYSIS = YES;
				CLANG_WARN_STRICT_PROTOTYPES = YES;
				CLANG_WARN_SUSPICIOUS_MOVE = YES;
				CLANG_WARN_UNGUARDED_AVAILABILITY = YES_AGGRESSIVE;
				CLANG_WARN_UNREACHABLE_CODE = YES;
				CLANG_WARN__DUPLICATE_METHOD_MATCH = YES;
				COPY_PHASE_STRIP = NO;
				DEBUG_INFORMATION_FORMAT = "dwarf-with-dsym";
				ENABLE_NS_ASSERTIONS = NO;
				ENABLE_STRICT_OBJC_MSGSEND = YES;
				ENABLE_USER_SCRIPT_SANDBOXING = YES;
				GCC_C_LANGUAGE_STANDARD = gnu17;
				GCC_NO_COMMON_BLOCKS = YES;
				GCC_WARN_64_TO_32_BIT_CONVERSION = YES;
				GCC_WARN_ABOUT_RETURN_TYPE = YES_ERROR;
				GCC_WARN_UNDECLARED_SELECTOR = YES;
				GCC_WARN_UNINITIALIZED_AUTOS = YES_AGGRESSIVE;
				GCC_WARN_UNUSED_FUNCTION = YES;
				GCC_WARN_UNUSED_VARIABLE = YES;
				IPHONEOS_DEPLOYMENT_TARGET = 17.0;
				LOCALIZATION_PREFERS_STRING_CATALOGS = YES;
				MTL_ENABLE_DEBUG_INFO = NO;
				MTL_FAST_MATH = YES;
				SDKROOT = iphoneos;
				SWIFT_COMPILATION_MODE = wholemodule;
				VALIDATE_PRODUCT = YES;
			};
			name = Release;
		};
		75FBD44A2BE9241A0039112C /* Debug */ = {
			isa = XCBuildConfiguration;
			buildSettings = {
				ASSETCATALOG_COMPILER_APPICON_NAME = AppIcon;
				ASSETCATALOG_COMPILER_GLOBAL_ACCENT_COLOR_NAME = AccentColor;
				CODE_SIGN_STYLE = Automatic;
				CURRENT_PROJECT_VERSION = 1;
				DEVELOPMENT_TEAM = 34E95R7U23;
				GENERATE_INFOPLIST_FILE = YES;
				INFOPLIST_FILE = MainFrequency/Info.plist;
				INFOPLIST_KEY_LSApplicationCategoryType = "";
				INFOPLIST_KEY_NSMicrophoneUsageDescription = "É preciso permitir o uso do microfone para captuar o audio e analisar a frequencia";
				INFOPLIST_KEY_UIApplicationSupportsIndirectInputEvents = YES;
				INFOPLIST_KEY_UILaunchStoryboardName = LaunchScreen;
				INFOPLIST_KEY_UIMainStoryboardFile = Main;
				INFOPLIST_KEY_UISupportedInterfaceOrientations_iPad = "UIInterfaceOrientationPortrait UIInterfaceOrientationPortraitUpsideDown UIInterfaceOrientationLandscapeLeft UIInterfaceOrientationLandscapeRight";
				INFOPLIST_KEY_UISupportedInterfaceOrientations_iPhone = "UIInterfaceOrientationPortrait UIInterfaceOrientationLandscapeLeft UIInterfaceOrientationLandscapeRight";
				LD_RUNPATH_SEARCH_PATHS = (
					"$(inherited)",
					"@executable_path/Frameworks",
				);
				MARKETING_VERSION = 1.0;
				PRODUCT_BUNDLE_IDENTIFIER = dev.pessoa.joaquim.MainFrequency;
				PRODUCT_NAME = "$(TARGET_NAME)";
				SWIFT_EMIT_LOC_STRINGS = YES;
				SWIFT_VERSION = 5.0;
				TARGETED_DEVICE_FAMILY = "1,2";
			};
			name = Debug;
		};
		75FBD44B2BE9241A0039112C /* Release */ = {
			isa = XCBuildConfiguration;
			buildSettings = {
				ASSETCATALOG_COMPILER_APPICON_NAME = AppIcon;
				ASSETCATALOG_COMPILER_GLOBAL_ACCENT_COLOR_NAME = AccentColor;
				CODE_SIGN_STYLE = Automatic;
				CURRENT_PROJECT_VERSION = 1;
				DEVELOPMENT_TEAM = 34E95R7U23;
				GENERATE_INFOPLIST_FILE = YES;
				INFOPLIST_FILE = MainFrequency/Info.plist;
				INFOPLIST_KEY_LSApplicationCategoryType = "";
				INFOPLIST_KEY_NSMicrophoneUsageDescription = "É preciso permitir o uso do microfone para captuar o audio e analisar a frequencia";
				INFOPLIST_KEY_UIApplicationSupportsIndirectInputEvents = YES;
				INFOPLIST_KEY_UILaunchStoryboardName = LaunchScreen;
				INFOPLIST_KEY_UIMainStoryboardFile = Main;
				INFOPLIST_KEY_UISupportedInterfaceOrientations_iPad = "UIInterfaceOrientationPortrait UIInterfaceOrientationPortraitUpsideDown UIInterfaceOrientationLandscapeLeft UIInterfaceOrientationLandscapeRight";
				INFOPLIST_KEY_UISupportedInterfaceOrientations_iPhone = "UIInterfaceOrientationPortrait UIInterfaceOrientationLandscapeLeft UIInterfaceOrientationLandscapeRight";
				LD_RUNPATH_SEARCH_PATHS = (
					"$(inherited)",
					"@executable_path/Frameworks",
				);
				MARKETING_VERSION = 1.0;
				PRODUCT_BUNDLE_IDENTIFIER = dev.pessoa.joaquim.MainFrequency;
				PRODUCT_NAME = "$(TARGET_NAME)";
				SWIFT_EMIT_LOC_STRINGS = YES;
				SWIFT_VERSION = 5.0;
				TARGETED_DEVICE_FAMILY = "1,2";
			};
			name = Release;
		};
/* End XCBuildConfiguration section */

/* Begin XCConfigurationList section */
		75FBD4302BE924180039112C /* Build configuration list for PBXProject "MainFrequency" */ = {
			isa = XCConfigurationList;
			buildConfigurations = (
				75FBD4472BE9241A0039112C /* Debug */,
				75FBD4482BE9241A0039112C /* Release */,
			);
			defaultConfigurationIsVisible = 0;
			defaultConfigurationName = Release;
		};
		75FBD4492BE9241A0039112C /* Build configuration list for PBXNativeTarget "MainFrequency" */ = {
			isa = XCConfigurationList;
			buildConfigurations = (
				75FBD44A2BE9241A0039112C /* Debug */,
				75FBD44B2BE9241A0039112C /* Release */,
			);
			defaultConfigurationIsVisible = 0;
			defaultConfigurationName = Release;
		};
/* End XCConfigurationList section */
	};
	rootObject = 75FBD42D2BE924180039112C /* Project object */;
}
